
Microsoft Visual Studio Solution File, Format Version 12.00
# Visual Studio Version 16
VisualStudioVersion = 16.0.31729.503
MinimumVisualStudioVersion = 10.0.40219.1
Project("{FAE04EC0-301F-11D3-BF4B-00C04F79EFBC}") = "Calculadora", "Calculadora.csproj", "{CFED4206-DC3E-4A08-BECA-6799E1282634}"
EndProject
Global
	GlobalSection(SolutionConfigurationPlatforms) = preSolution
		Debug|Any CPU = Debug|Any CPU
		Release|Any CPU = Release|Any CPU
	EndGlobalSection
	GlobalSection(ProjectConfigurationPlatforms) = postSolution
		{CFED4206-DC3E-4A08-BECA-6799E1282634}.Debug|Any CPU.ActiveCfg = Debug|Any CPU
		{CFED4206-DC3E-4A08-BECA-6799E1282634}.Debug|Any CPU.Build.0 = Debug|Any CPU
		{CFED4206-DC3E-4A08-BECA-6799E1282634}.Release|Any CPU.ActiveCfg = Release|Any CPU
		{CFED4206-DC3E-4A08-BECA-6799E1282634}.Release|Any CPU.Build.0 = Release|Any CPU
	EndGlobalSection
	GlobalSection(SolutionProperties) = preSolution
		HideSolutionNode = FALSE
	EndGlobalSection
	GlobalSection(ExtensibilityGlobals) = postSolution
		SolutionGuid = {63FCC264-BD03-4AAE-A718-710E8FB914B4}
	EndGlobalSection
EndGlobal
